// !$*UTF8*$!
{
	archiveVersion = 1;
	classes = {
	};
	objectVersion = 56;
	objects = {

/* Begin PBXBuildFile section */
		562F875A2B0386F0005AC7AA /* iBreatheApp.swift in Sources */ = {isa = PBXBuildFile; fileRef = 562F87592B0386F0005AC7AA /* iBreatheApp.swift */; };
		562F875C2B0386F0005AC7AA /* ContentView.swift in Sources */ = {isa = PBXBuildFile; fileRef = 562F875B2B0386F0005AC7AA /* ContentView.swift */; };
		562F875E2B0386F1005AC7AA /* Assets.xcassets in Resources */ = {isa = PBXBuildFile; fileRef = 562F875D2B0386F1005AC7AA /* Assets.xcassets */; };
		562F87612B0386F1005AC7AA /* Preview Assets.xcassets in Resources */ = {isa = PBXBuildFile; fileRef = 562F87602B0386F1005AC7AA /* Preview Assets.xcassets */; };
		56A2DC292B0A7DFC008747D2 /* ListView.swift in Sources */ = {isa = PBXBuildFile; fileRef = 56A2DC282B0A7DFC008747D2 /* ListView.swift */; };
		56A2DC2D2B0A8F4E008747D2 /* ButtonTimerView.swift in Sources */ = {isa = PBXBuildFile; fileRef = 56A2DC2C2B0A8F4E008747D2 /* ButtonTimerView.swift */; };
		56A2DC2F2B0ACDAD008747D2 /* TimerView.swift in Sources */ = {isa = PBXBuildFile; fileRef = 56A2DC2E2B0ACDAD008747D2 /* TimerView.swift */; };
/* End PBXBuildFile section */

/* Begin PBXFileReference section */
		562F87562B0386F0005AC7AA /* iBreathe.app */ = {isa = PBXFileReference; explicitFileType = wrapper.application; includeInIndex = 0; path = iBreathe.app; sourceTree = BUILT_PRODUCTS_DIR; };
		562F87592B0386F0005AC7AA /* iBreatheApp.swift */ = {isa = PBXFileReference; lastKnownFileType = sourcecode.swift; path = iBreatheApp.swift; sourceTree = "<group>"; };
		562F875B2B0386F0005AC7AA /* ContentView.swift */ = {isa = PBXFileReference; lastKnownFileType = sourcecode.swift; path = ContentView.swift; sourceTree = "<group>"; };
		562F875D2B0386F1005AC7AA /* Assets.xcassets */ = {isa = PBXFileReference; lastKnownFileType = folder.assetcatalog; path = Assets.xcassets; sourceTree = "<group>"; };
		562F87602B0386F1005AC7AA /* Preview Assets.xcassets */ = {isa = PBXFileReference; lastKnownFileType = folder.assetcatalog; path = "Preview Assets.xcassets"; sourceTree = "<group>"; };
		56A2DC282B0A7DFC008747D2 /* ListView.swift */ = {isa = PBXFileReference; lastKnownFileType = sourcecode.swift; path = ListView.swift; sourceTree = "<group>"; };
		56A2DC2C2B0A8F4E008747D2 /* ButtonTimerView.swift */ = {isa = PBXFileReference; lastKnownFileType = sourcecode.swift; path = ButtonTimerView.swift; sourceTree = "<group>"; };
		56A2DC2E2B0ACDAD008747D2 /* TimerView.swift */ = {isa = PBXFileReference; lastKnownFileType = sourcecode.swift; path = TimerView.swift; sourceTree = "<group>"; };
/* End PBXFileReference section */

/* Begin PBXFrameworksBuildPhase section */
		562F87532B0386F0005AC7AA /* Frameworks */ = {
			isa = PBXFrameworksBuildPhase;
			buildActionMask = 2147483647;
			files = (
			);
			runOnlyForDeploymentPostprocessing = 0;
		};
/* End PBXFrameworksBuildPhase section */

/* Begin PBXGroup section */
		562F874D2B0386F0005AC7AA = {
			isa = PBXGroup;
			children = (
				562F87582B0386F0005AC7AA /* iBreathe */,
				562F87572B0386F0005AC7AA /* Products */,
			);
			sourceTree = "<group>";
		};
		562F87572B0386F0005AC7AA /* Products */ = {
			isa = PBXGroup;
			children = (
				562F87562B0386F0005AC7AA /* iBreathe.app */,
			);
			name = Products;
			sourceTree = "<group>";
		};
		562F87582B0386F0005AC7AA /* iBreathe */ = {
			isa = PBXGroup;
			children = (
				562F876C2B038992005AC7AA /* Model */,
				562F87692B03896D005AC7AA /* View */,
				562F87592B0386F0005AC7AA /* iBreatheApp.swift */,
				562F875B2B0386F0005AC7AA /* ContentView.swift */,
				56A2DC282B0A7DFC008747D2 /* ListView.swift */,
				56A2DC2C2B0A8F4E008747D2 /* ButtonTimerView.swift */,
				56A2DC2E2B0ACDAD008747D2 /* TimerView.swift */,
				562F875D2B0386F1005AC7AA /* Assets.xcassets */,
				562F875F2B0386F1005AC7AA /* Preview Content */,
			);
			path = iBreathe;
			sourceTree = "<group>";
		};
		562F875F2B0386F1005AC7AA /* Preview Content */ = {
			isa = PBXGroup;
			children = (
				562F87602B0386F1005AC7AA /* Preview Assets.xcassets */,
			);
			path = "Preview Content";
			sourceTree = "<group>";
		};
		562F87692B03896D005AC7AA /* View */ = {
			isa = PBXGroup;
			children = (
			);
			path = View;
			sourceTree = "<group>";
		};
		562F876C2B038992005AC7AA /* Model */ = {
			isa = PBXGroup;
			children = (
			);
			path = Model;
			sourceTree = "<group>";
		};
/* End PBXGroup section */

/* Begin PBXNativeTarget section */
		562F87552B0386F0005AC7AA /* iBreathe */ = {
			isa = PBXNativeTarget;
			buildConfigurationList = 562F87642B0386F1005AC7AA /* Build configuration list for PBXNativeTarget "iBreathe" */;
			buildPhases = (
				562F87522B0386F0005AC7AA /* Sources */,
				562F87532B0386F0005AC7AA /* Frameworks */,
				562F87542B0386F0005AC7AA /* Resources */,
			);
			buildRules = (
			);
			dependencies = (
			);
			name = iBreathe;
			productName = iBreathe;
			productReference = 562F87562B0386F0005AC7AA /* iBreathe.app */;
			productType = "com.apple.product-type.application";
		};
/* End PBXNativeTarget section */

/* Begin PBXProject section */
		562F874E2B0386F0005AC7AA /* Project object */ = {
			isa = PBXProject;
			attributes = {
				BuildIndependentTargetsInParallel = 1;
				LastSwiftUpdateCheck = 1500;
				LastUpgradeCheck = 1500;
				TargetAttributes = {
					562F87552B0386F0005AC7AA = {
						CreatedOnToolsVersion = 15.0;
					};
				};
			};
			buildConfigurationList = 562F87512B0386F0005AC7AA /* Build configuration list for PBXProject "iBreathe" */;
			compatibilityVersion = "Xcode 14.0";
			developmentRegion = en;
			hasScannedForEncodings = 0;
			knownRegions = (
				en,
				Base,
			);
			mainGroup = 562F874D2B0386F0005AC7AA;
			productRefGroup = 562F87572B0386F0005AC7AA /* Products */;
			projectDirPath = "";
			projectRoot = "";
			targets = (
				562F87552B0386F0005AC7AA /* iBreathe */,
			);
		};
/* End PBXProject section */

/* Begin PBXResourcesBuildPhase section */
		562F87542B0386F0005AC7AA /* Resources */ = {
			isa = PBXResourcesBuildPhase;
			buildActionMask = 2147483647;
			files = (
				562F87612B0386F1005AC7AA /* Preview Assets.xcassets in Resources */,
				562F875E2B0386F1005AC7AA /* Assets.xcassets in Resources */,
			);
			runOnlyForDeploymentPostprocessing = 0;
		};
/* End PBXResourcesBuildPhase section */

/* Begin PBXSourcesBuildPhase section */
		562F87522B0386F0005AC7AA /* Sources */ = {
			isa = PBXSourcesBuildPhase;
			buildActionMask = 2147483647;
			files = (
				56A2DC2F2B0ACDAD008747D2 /* TimerView.swift in Sources */,
				56A2DC292B0A7DFC008747D2 /* ListView.swift in Sources */,
				562F875C2B0386F0005AC7AA /* ContentView.swift in Sources */,
				562F875A2B0386F0005AC7AA /* iBreatheApp.swift in Sources */,
				56A2DC2D2B0A8F4E008747D2 /* ButtonTimerView.swift in Sources */,
			);
			runOnlyForDeploymentPostprocessing = 0;
		};
/* End PBXSourcesBuildPhase section */

/* Begin XCBuildConfiguration section */
		562F87622B0386F1005AC7AA /* Debug */ = {
			isa = XCBuildConfiguration;
			buildSettings = {
				ALWAYS_SEARCH_USER_PATHS = NO;
				ASSETCATALOG_COMPILER_GENERATE_SWIFT_ASSET_SYMBOL_EXTENSIONS = YES;
				CLANG_ANALYZER_NONNULL = YES;
				CLANG_ANALYZER_NUMBER_OBJECT_CONVERSION = YES_AGGRESSIVE;
				CLANG_CXX_LANGUAGE_STANDARD = "gnu++20";
				CLANG_ENABLE_MODULES = YES;
				CLANG_ENABLE_OBJC_ARC = YES;
				CLANG_ENABLE_OBJC_WEAK = YES;
				CLANG_WARN_BLOCK_CAPTURE_AUTORELEASING = YES;
				CLANG_WARN_BOOL_CONVERSION = YES;
				CLANG_WARN_COMMA = YES;
				CLANG_WARN_CONSTANT_CONVERSION = YES;
				CLANG_WARN_DEPRECATED_OBJC_IMPLEMENTATIONS = YES;
				CLANG_WARN_DIRECT_OBJC_ISA_USAGE = YES_ERROR;
				CLANG_WARN_DOCUMENTATION_COMMENTS = YES;
				CLANG_WARN_EMPTY_BODY = YES;
				CLANG_WARN_ENUM_CONVERSION = YES;
				CLANG_WARN_INFINITE_RECURSION = YES;
				CLANG_WARN_INT_CONVERSION = YES;
				CLANG_WARN_NON_LITERAL_NULL_CONVERSION = YES;
				CLANG_WARN_OBJC_IMPLICIT_RETAIN_SELF = YES;
				CLANG_WARN_OBJC_LITERAL_CONVERSION = YES;
				CLANG_WARN_OBJC_ROOT_CLASS = YES_ERROR;
				CLANG_WARN_QUOTED_INCLUDE_IN_FRAMEWORK_HEADER = YES;
				CLANG_WARN_RANGE_LOOP_ANALYSIS = YES;
				CLANG_WARN_STRICT_PROTOTYPES = YES;
				CLANG_WARN_SUSPICIOUS_MOVE = YES;
				CLANG_WARN_UNGUARDED_AVAILABILITY = YES_AGGRESSIVE;
				CLANG_WARN_UNREACHABLE_CODE = YES;
				CLANG_WARN__DUPLICATE_METHOD_MATCH = YES;
				COPY_PHASE_STRIP = NO;
				DEBUG_INFORMATION_FORMAT = dwarf;
				ENABLE_STRICT_OBJC_MSGSEND = YES;
				ENABLE_TESTABILITY = YES;
				ENABLE_USER_SCRIPT_SANDBOXING = YES;
				GCC_C_LANGUAGE_STANDARD = gnu17;
				GCC_DYNAMIC_NO_PIC = NO;
				GCC_NO_COMMON_BLOCKS = YES;
				GCC_OPTIMIZATION_LEVEL = 0;
				GCC_PREPROCESSOR_DEFINITIONS = (
					"DEBUG=1",
					"$(inherited)",
				);
				GCC_WARN_64_TO_32_BIT_CONVERSION = YES;
				GCC_WARN_ABOUT_RETURN_TYPE = YES_ERROR;
				GCC_WARN_UNDECLARED_SELECTOR = YES;
				GCC_WARN_UNINITIALIZED_AUTOS = YES_AGGRESSIVE;
				GCC_WARN_UNUSED_FUNCTION = YES;
				GCC_WARN_UNUSED_VARIABLE = YES;
				IPHONEOS_DEPLOYMENT_TARGET = 17.0;
				LOCALIZATION_PREFERS_STRING_CATALOGS = YES;
				MTL_ENABLE_DEBUG_INFO = INCLUDE_SOURCE;
				MTL_FAST_MATH = YES;
				ONLY_ACTIVE_ARCH = YES;
				SDKROOT = iphoneos;
				SWIFT_ACTIVE_COMPILATION_CONDITIONS = "DEBUG $(inherited)";
				SWIFT_OPTIMIZATION_LEVEL = "-Onone";
			};
			name = Debug;
		};
		562F87632B0386F1005AC7AA /* Release */ = {
			isa = XCBuildConfiguration;
			buildSettings = {
				ALWAYS_SEARCH_USER_PATHS = NO;
				ASSETCATALOG_COMPILER_GENERATE_SWIFT_ASSET_SYMBOL_EXTENSIONS = YES;
				CLANG_ANALYZER_NONNULL = YES;
				CLANG_ANALYZER_NUMBER_OBJECT_CONVERSION = YES_AGGRESSIVE;
				CLANG_CXX_LANGUAGE_STANDARD = "gnu++20";
				CLANG_ENABLE_MODULES = YES;
				CLANG_ENABLE_OBJC_ARC = YES;
				CLANG_ENABLE_OBJC_WEAK = YES;
				CLANG_WARN_BLOCK_CAPTURE_AUTORELEASING = YES;
				CLANG_WARN_BOOL_CONVERSION = YES;
				CLANG_WARN_COMMA = YES;
				CLANG_WARN_CONSTANT_CONVERSION = YES;
				CLANG_WARN_DEPRECATED_OBJC_IMPLEMENTATIONS = YES;
				CLANG_WARN_DIRECT_OBJC_ISA_USAGE = YES_ERROR;
				CLANG_WARN_DOCUMENTATION_COMMENTS = YES;
				CLANG_WARN_EMPTY_BODY = YES;
				CLANG_WARN_ENUM_CONVERSION = YES;
				CLANG_WARN_INFINITE_RECURSION = YES;
				CLANG_WARN_INT_CONVERSION = YES;
				CLANG_WARN_NON_LITERAL_NULL_CONVERSION = YES;
				CLANG_WARN_OBJC_IMPLICIT_RETAIN_SELF = YES;
				CLANG_WARN_OBJC_LITERAL_CONVERSION = YES;
				CLANG_WARN_OBJC_ROOT_CLASS = YES_ERROR;
				CLANG_WARN_QUOTED_INCLUDE_IN_FRAMEWORK_HEADER = YES;
				CLANG_WARN_RANGE_LOOP_ANALYSIS = YES;
				CLANG_WARN_STRICT_PROTOTYPES = YES;
				CLANG_WARN_SUSPICIOUS_MOVE = YES;
				CLANG_WARN_UNGUARDED_AVAILABILITY = YES_AGGRESSIVE;
				CLANG_WARN_UNREACHABLE_CODE = YES;
				CLANG_WARN__DUPLICATE_METHOD_MATCH = YES;
				COPY_PHASE_STRIP = NO;
				DEBUG_INFORMATION_FORMAT = "dwarf-with-dsym";
				ENABLE_NS_ASSERTIONS = NO;
				ENABLE_STRICT_OBJC_MSGSEND = YES;
				ENABLE_USER_SCRIPT_SANDBOXING = YES;
				GCC_C_LANGUAGE_STANDARD = gnu17;
				GCC_NO_COMMON_BLOCKS = YES;
				GCC_WARN_64_TO_32_BIT_CONVERSION = YES;
				GCC_WARN_ABOUT_RETURN_TYPE = YES_ERROR;
				GCC_WARN_UNDECLARED_SELECTOR = YES;
				GCC_WARN_UNINITIALIZED_AUTOS = YES_AGGRESSIVE;
				GCC_WARN_UNUSED_FUNCTION = YES;
				GCC_WARN_UNUSED_VARIABLE = YES;
				IPHONEOS_DEPLOYMENT_TARGET = 17.0;
				LOCALIZATION_PREFERS_STRING_CATALOGS = YES;
				MTL_ENABLE_DEBUG_INFO = NO;
				MTL_FAST_MATH = YES;
				SDKROOT = iphoneos;
				SWIFT_COMPILATION_MODE = wholemodule;
				VALIDATE_PRODUCT = YES;
			};
			name = Release;
		};
		562F87652B0386F1005AC7AA /* Debug */ = {
			isa = XCBuildConfiguration;
			buildSettings = {
				ASSETCATALOG_COMPILER_APPICON_NAME = AppIcon;
				ASSETCATALOG_COMPILER_GLOBAL_ACCENT_COLOR_NAME = AccentColor;
				CODE_SIGN_STYLE = Automatic;
				CURRENT_PROJECT_VERSION = 1;
				DEVELOPMENT_ASSET_PATHS = "\"iBreathe/Preview Content\"";
				DEVELOPMENT_TEAM = LQRGU7R57Z;
				ENABLE_PREVIEWS = YES;
				GENERATE_INFOPLIST_FILE = YES;
				INFOPLIST_KEY_UIApplicationSceneManifest_Generation = YES;
				INFOPLIST_KEY_UIApplicationSupportsIndirectInputEvents = YES;
				INFOPLIST_KEY_UILaunchScreen_Generation = YES;
				INFOPLIST_KEY_UISupportedInterfaceOrientations_iPad = "UIInterfaceOrientationPortrait UIInterfaceOrientationPortraitUpsideDown UIInterfaceOrientationLandscapeLeft UIInterfaceOrientationLandscapeRight";
				INFOPLIST_KEY_UISupportedInterfaceOrientations_iPhone = "UIInterfaceOrientationPortrait UIInterfaceOrientationLandscapeLeft UIInterfaceOrientationLandscapeRight";
				IPHONEOS_DEPLOYMENT_TARGET = 17.0;
				LD_RUNPATH_SEARCH_PATHS = (
					"$(inherited)",
					"@executable_path/Frameworks",
				);
				MARKETING_VERSION = 1.0;
				PRODUCT_BUNDLE_IDENTIFIER = com.sabrinaannadesiderio.iBreathe;
				PRODUCT_NAME = "$(TARGET_NAME)";
				SWIFT_EMIT_LOC_STRINGS = YES;
				SWIFT_VERSION = 5.0;
				TARGETED_DEVICE_FAMILY = "1,2";
			};
			name = Debug;
		};
		562F87662B0386F1005AC7AA /* Release */ = {
			isa = XCBuildConfiguration;
			buildSettings = {
				ASSETCATALOG_COMPILER_APPICON_NAME = AppIcon;
				ASSETCATALOG_COMPILER_GLOBAL_ACCENT_COLOR_NAME = AccentColor;
				CODE_SIGN_STYLE = Automatic;
				CURRENT_PROJECT_VERSION = 1;
				DEVELOPMENT_ASSET_PATHS = "\"iBreathe/Preview Content\"";
				DEVELOPMENT_TEAM = LQRGU7R57Z;
				ENABLE_PREVIEWS = YES;
				GENERATE_INFOPLIST_FILE = YES;
				INFOPLIST_KEY_UIApplicationSceneManifest_Generation = YES;
				INFOPLIST_KEY_UIApplicationSupportsIndirectInputEvents = YES;
				INFOPLIST_KEY_UILaunchScreen_Generation = YES;
				INFOPLIST_KEY_UISupportedInterfaceOrientations_iPad = "UIInterfaceOrientationPortrait UIInterfaceOrientationPortraitUpsideDown UIInterfaceOrientationLandscapeLeft UIInterfaceOrientationLandscapeRight";
				INFOPLIST_KEY_UISupportedInterfaceOrientations_iPhone = "UIInterfaceOrientationPortrait UIInterfaceOrientationLandscapeLeft UIInterfaceOrientationLandscapeRight";
				IPHONEOS_DEPLOYMENT_TARGET = 17.0;
				LD_RUNPATH_SEARCH_PATHS = (
					"$(inherited)",
					"@executable_path/Frameworks",
				);
				MARKETING_VERSION = 1.0;
				PRODUCT_BUNDLE_IDENTIFIER = com.sabrinaannadesiderio.iBreathe;
				PRODUCT_NAME = "$(TARGET_NAME)";
				SWIFT_EMIT_LOC_STRINGS = YES;
				SWIFT_VERSION = 5.0;
				TARGETED_DEVICE_FAMILY = "1,2";
			};
			name = Release;
		};
/* End XCBuildConfiguration section */

/* Begin XCConfigurationList section */
		562F87512B0386F0005AC7AA /* Build configuration list for PBXProject "iBreathe" */ = {
			isa = XCConfigurationList;
			buildConfigurations = (
				562F87622B0386F1005AC7AA /* Debug */,
				562F87632B0386F1005AC7AA /* Release */,
			);
			defaultConfigurationIsVisible = 0;
			defaultConfigurationName = Release;
		};
		562F87642B0386F1005AC7AA /* Build configuration list for PBXNativeTarget "iBreathe" */ = {
			isa = XCConfigurationList;
			buildConfigurations = (
				562F87652B0386F1005AC7AA /* Debug */,
				562F87662B0386F1005AC7AA /* Release */,
			);
			defaultConfigurationIsVisible = 0;
			defaultConfigurationName = Release;
		};
/* End XCConfigurationList section */
	};
	rootObject = 562F874E2B0386F0005AC7AA /* Project object */;
}
